dependencies:
- name: helm-product
  repository: oci://ghcr.io/onecx/charts
  version: 0.3.0
- name: onecx-permission-svc
  repository: oci://ghcr.io/onecx/charts
  version: 1.7.0-rc.5
- name: onecx-permission-bff
  repository: oci://ghcr.io/onecx/charts
  version: 1.7.0-rc.7
- name: onecx-permission-ui
  repository: oci://ghcr.io/onecx/charts
  version: 1.7.0-rc.9
- name: onecx-permission-operator
  repository: oci://ghcr.io/onecx/charts
  version: 1.6.0-rc.8
digest: sha256:8f2bac6d94b910bd8b8c75bd57a9b41a6d859bbdbe91971ca03545532614ec5b
generated: "2025-07-03T07:34:00.350657219Z"
