dependencies:
- name: helm-product
  repository: oci://ghcr.io/onecx/charts
  version: 0.2.0
- name: onecx-permission-svc
  repository: oci://ghcr.io/onecx/charts
  version: 0.0.0-rc.81
- name: onecx-permission-bff
  repository: oci://ghcr.io/onecx/charts
  version: 0.0.0-rc.63
- name: onecx-permission-ui
  repository: oci://ghcr.io/onecx/charts
  version: 0.0.0-rc.62
- name: onecx-permission-operator
  repository: oci://ghcr.io/onecx/charts
  version: 0.0.0-rc.41
digest: sha256:2769c10738747940289bba8e9bd19952d79f1bf8f06839025e0af792bdd0f0b4
generated: "2024-09-27T10:20:15.148603356Z"
