dependencies:
- name: helm-product
  repository: oci://ghcr.io/onecx/charts
  version: 0.3.0
- name: onecx-permission-svc
  repository: oci://ghcr.io/onecx/charts
  version: 1.8.0-rc.1
- name: onecx-permission-bff
  repository: oci://ghcr.io/onecx/charts
  version: 1.8.0-rc.1
- name: onecx-permission-ui
  repository: oci://ghcr.io/onecx/charts
  version: 1.7.0
- name: onecx-permission-operator
  repository: oci://ghcr.io/onecx/charts
  version: 1.7.0-rc.1
digest: sha256:c08b9da2b7267673528db130bf6d3f10c09dbf3bcdcd8df3192e256cb1f4280f
generated: "2025-08-20T12:34:22.459784859Z"
